
Microsoft Visual Studio Solution File, Format Version 12.00
# Visual Studio 15
VisualStudioVersion = 15.0.28010.2050
MinimumVisualStudioVersion = 10.0.40219.1
Project("{9A19103F-16F7-4668-BE54-9A1E7A4F7556}") = "VueExample", "VueExample\VueExample.csproj", "{05634A43-7F5F-4390-A3F2-FDDB74CD998C}"
EndProject
Project("{E53339B2-1760-4266-BCC7-CA923CBCF16C}") = "docker-compose", "docker-compose.dcproj", "{ED9E4195-9C7F-42A8-9C05-0C0416D8E5C1}"
EndProject
Global
	GlobalSection(SolutionConfigurationPlatforms) = preSolution
		Debug|Any CPU = Debug|Any CPU
		Release|Any CPU = Release|Any CPU
	EndGlobalSection
	GlobalSection(ProjectConfigurationPlatforms) = postSolution
		{05634A43-7F5F-4390-A3F2-FDDB74CD998C}.Debug|Any CPU.ActiveCfg = Debug|Any CPU
		{05634A43-7F5F-4390-A3F2-FDDB74CD998C}.Debug|Any CPU.Build.0 = Debug|Any CPU
		{05634A43-7F5F-4390-A3F2-FDDB74CD998C}.Release|Any CPU.ActiveCfg = Release|Any CPU
		{05634A43-7F5F-4390-A3F2-FDDB74CD998C}.Release|Any CPU.Build.0 = Release|Any CPU
		{ED9E4195-9C7F-42A8-9C05-0C0416D8E5C1}.Debug|Any CPU.ActiveCfg = Debug|Any CPU
		{ED9E4195-9C7F-42A8-9C05-0C0416D8E5C1}.Debug|Any CPU.Build.0 = Debug|Any CPU
		{ED9E4195-9C7F-42A8-9C05-0C0416D8E5C1}.Release|Any CPU.ActiveCfg = Release|Any CPU
		{ED9E4195-9C7F-42A8-9C05-0C0416D8E5C1}.Release|Any CPU.Build.0 = Release|Any CPU
	EndGlobalSection
	GlobalSection(SolutionProperties) = preSolution
		HideSolutionNode = FALSE
	EndGlobalSection
	GlobalSection(ExtensibilityGlobals) = postSolution
		SolutionGuid = {A41405C5-1343-43F5-9E7D-A51E3222E5E3}
	EndGlobalSection
EndGlobal
